
Microsoft Visual Studio Solution File, Format Version 12.00
# Visual Studio Version 16
VisualStudioVersion = 16.0.29306.81
MinimumVisualStudioVersion = 10.0.40219.1
Project("{FAE04EC0-301F-11D3-BF4B-00C04F79EFBC}") = "Server", "Server\Server.csproj", "{FC1727E1-068F-4AE4-B80D-9964709005E0}"
EndProject
Project("{FAE04EC0-301F-11D3-BF4B-00C04F79EFBC}") = "Common", "Common\Common.csproj", "{807BCA8B-89B3-466C-AAE3-8F0824432617}"
EndProject
Global
	GlobalSection(SolutionConfigurationPlatforms) = preSolution
		Debug|Any CPU = Debug|Any CPU
		Release|Any CPU = Release|Any CPU
	EndGlobalSection
	GlobalSection(ProjectConfigurationPlatforms) = postSolution
		{FC1727E1-068F-4AE4-B80D-9964709005E0}.Debug|Any CPU.ActiveCfg = Debug|Any CPU
		{FC1727E1-068F-4AE4-B80D-9964709005E0}.Debug|Any CPU.Build.0 = Debug|Any CPU
		{FC1727E1-068F-4AE4-B80D-9964709005E0}.Release|Any CPU.ActiveCfg = Release|Any CPU
		{FC1727E1-068F-4AE4-B80D-9964709005E0}.Release|Any CPU.Build.0 = Release|Any CPU
		{807BCA8B-89B3-466C-AAE3-8F0824432617}.Debug|Any CPU.ActiveCfg = Debug|Any CPU
		{807BCA8B-89B3-466C-AAE3-8F0824432617}.Debug|Any CPU.Build.0 = Debug|Any CPU
		{807BCA8B-89B3-466C-AAE3-8F0824432617}.Release|Any CPU.ActiveCfg = Release|Any CPU
		{807BCA8B-89B3-466C-AAE3-8F0824432617}.Release|Any CPU.Build.0 = Release|Any CPU
	EndGlobalSection
	GlobalSection(SolutionProperties) = preSolution
		HideSolutionNode = FALSE
	EndGlobalSection
	GlobalSection(ExtensibilityGlobals) = postSolution
		SolutionGuid = {2AD4C9A1-8ECA-4721-BC59-129740F5B375}
	EndGlobalSection
EndGlobal
